// !$*UTF8*$!
{
	archiveVersion = 1;
	classes = {
	};
	objectVersion = 50;
	objects = {

/* Begin PBXBuildFile section */
		9E1AB275238DB15E008A2A0F /* AppDelegate.swift in Sources */ = {isa = PBXBuildFile; fileRef = 9E1AB274238DB15E008A2A0F /* AppDelegate.swift */; };
		9E1AB277238DB15E008A2A0F /* GameScene.sks in Resources */ = {isa = PBXBuildFile; fileRef = 9E1AB276238DB15E008A2A0F /* GameScene.sks */; };
		9E1AB279238DB15E008A2A0F /* Actions.sks in Resources */ = {isa = PBXBuildFile; fileRef = 9E1AB278238DB15E008A2A0F /* Actions.sks */; };
		9E1AB27B238DB15E008A2A0F /* GameScene.swift in Sources */ = {isa = PBXBuildFile; fileRef = 9E1AB27A238DB15E008A2A0F /* GameScene.swift */; };
		9E1AB27D238DB15E008A2A0F /* GameViewController.swift in Sources */ = {isa = PBXBuildFile; fileRef = 9E1AB27C238DB15E008A2A0F /* GameViewController.swift */; };
		9E1AB280238DB15E008A2A0F /* Main.storyboard in Resources */ = {isa = PBXBuildFile; fileRef = 9E1AB27E238DB15E008A2A0F /* Main.storyboard */; };
		9E1AB282238DB163008A2A0F /* Assets.xcassets in Resources */ = {isa = PBXBuildFile; fileRef = 9E1AB281238DB163008A2A0F /* Assets.xcassets */; };
		9E1AB285238DB163008A2A0F /* LaunchScreen.storyboard in Resources */ = {isa = PBXBuildFile; fileRef = 9E1AB283238DB163008A2A0F /* LaunchScreen.storyboard */; };
		9E1AB28D238DB1A1008A2A0F /* Board.swift in Sources */ = {isa = PBXBuildFile; fileRef = 9E1AB28C238DB1A1008A2A0F /* Board.swift */; };
		9E1AB291238E5B84008A2A0F /* LevelsViewController.swift in Sources */ = {isa = PBXBuildFile; fileRef = 9E1AB290238E5B84008A2A0F /* LevelsViewController.swift */; };
		9E1AB293238E6E7D008A2A0F /* Level.swift in Sources */ = {isa = PBXBuildFile; fileRef = 9E1AB292238E6E7D008A2A0F /* Level.swift */; };
		9E1AB297238FBCBC008A2A0F /* levels in Resources */ = {isa = PBXBuildFile; fileRef = 9E1AB296238FBCBC008A2A0F /* levels */; };
		9EA71AA42398F7C000130AFB /* AppDelegate.swift in Sources */ = {isa = PBXBuildFile; fileRef = 9EA71AA32398F7C000130AFB /* AppDelegate.swift */; };
		9EA71AAF2398F7C100130AFB /* Main.storyboard in Resources */ = {isa = PBXBuildFile; fileRef = 9EA71AAD2398F7C100130AFB /* Main.storyboard */; };
		9EA71AB42398F7C900130AFB /* LaunchScreen.storyboard in Resources */ = {isa = PBXBuildFile; fileRef = 9EA71AB22398F7C900130AFB /* LaunchScreen.storyboard */; };
		9EA71ABB2398F91700130AFB /* Assets.xcassets in Resources */ = {isa = PBXBuildFile; fileRef = 9EA71AB92398F91700130AFB /* Assets.xcassets */; };
		9EA71ABC2398F91700130AFB /* levels in Resources */ = {isa = PBXBuildFile; fileRef = 9EA71ABA2398F91700130AFB /* levels */; };
		9EA71AC32398F96900130AFB /* GameViewController.swift in Sources */ = {isa = PBXBuildFile; fileRef = 9EA71ABD2398F96800130AFB /* GameViewController.swift */; };
		9EA71AC42398F96900130AFB /* Board.swift in Sources */ = {isa = PBXBuildFile; fileRef = 9EA71ABE2398F96800130AFB /* Board.swift */; };
		9EA71AC52398F96900130AFB /* Level.swift in Sources */ = {isa = PBXBuildFile; fileRef = 9EA71ABF2398F96800130AFB /* Level.swift */; };
		9EA71AC62398F96900130AFB /* LevelsViewController.swift in Sources */ = {isa = PBXBuildFile; fileRef = 9EA71AC02398F96900130AFB /* LevelsViewController.swift */; };
		9EA71AC72398F96900130AFB /* GameScene.swift in Sources */ = {isa = PBXBuildFile; fileRef = 9EA71AC12398F96900130AFB /* GameScene.swift */; };
		9EA71AC82398F96900130AFB /* GameScene.sks in Resources */ = {isa = PBXBuildFile; fileRef = 9EA71AC22398F96900130AFB /* GameScene.sks */; };
/* End PBXBuildFile section */

/* Begin PBXFileReference section */
		9E1AB271238DB15E008A2A0F /* Tsuikaban.app */ = {isa = PBXFileReference; explicitFileType = wrapper.application; includeInIndex = 0; path = Tsuikaban.app; sourceTree = BUILT_PRODUCTS_DIR; };
		9E1AB274238DB15E008A2A0F /* AppDelegate.swift */ = {isa = PBXFileReference; lastKnownFileType = sourcecode.swift; path = AppDelegate.swift; sourceTree = "<group>"; };
		9E1AB276238DB15E008A2A0F /* GameScene.sks */ = {isa = PBXFileReference; lastKnownFileType = file.sks; path = GameScene.sks; sourceTree = "<group>"; };
		9E1AB278238DB15E008A2A0F /* Actions.sks */ = {isa = PBXFileReference; lastKnownFileType = file.sks; path = Actions.sks; sourceTree = "<group>"; };
		9E1AB27A238DB15E008A2A0F /* GameScene.swift */ = {isa = PBXFileReference; lastKnownFileType = sourcecode.swift; path = GameScene.swift; sourceTree = "<group>"; };
		9E1AB27C238DB15E008A2A0F /* GameViewController.swift */ = {isa = PBXFileReference; lastKnownFileType = sourcecode.swift; path = GameViewController.swift; sourceTree = "<group>"; };
		9E1AB27F238DB15E008A2A0F /* Base */ = {isa = PBXFileReference; lastKnownFileType = file.storyboard; name = Base; path = Base.lproj/Main.storyboard; sourceTree = "<group>"; };
		9E1AB281238DB163008A2A0F /* Assets.xcassets */ = {isa = PBXFileReference; lastKnownFileType = folder.assetcatalog; path = Assets.xcassets; sourceTree = "<group>"; };
		9E1AB284238DB163008A2A0F /* Base */ = {isa = PBXFileReference; lastKnownFileType = file.storyboard; name = Base; path = Base.lproj/LaunchScreen.storyboard; sourceTree = "<group>"; };
		9E1AB286238DB163008A2A0F /* Info.plist */ = {isa = PBXFileReference; lastKnownFileType = text.plist.xml; path = Info.plist; sourceTree = "<group>"; };
		9E1AB28C238DB1A1008A2A0F /* Board.swift */ = {isa = PBXFileReference; lastKnownFileType = sourcecode.swift; path = Board.swift; sourceTree = "<group>"; };
		9E1AB290238E5B84008A2A0F /* LevelsViewController.swift */ = {isa = PBXFileReference; lastKnownFileType = sourcecode.swift; path = LevelsViewController.swift; sourceTree = "<group>"; };
		9E1AB292238E6E7D008A2A0F /* Level.swift */ = {isa = PBXFileReference; lastKnownFileType = sourcecode.swift; path = Level.swift; sourceTree = "<group>"; };
		9E1AB296238FBCBC008A2A0F /* levels */ = {isa = PBXFileReference; lastKnownFileType = folder; path = levels; sourceTree = "<group>"; };
		9EA71AA12398F7C000130AFB /* Tsuikaban-TV.app */ = {isa = PBXFileReference; explicitFileType = wrapper.application; includeInIndex = 0; path = "Tsuikaban-TV.app"; sourceTree = BUILT_PRODUCTS_DIR; };
		9EA71AA32398F7C000130AFB /* AppDelegate.swift */ = {isa = PBXFileReference; lastKnownFileType = sourcecode.swift; path = AppDelegate.swift; sourceTree = "<group>"; };
		9EA71AAE2398F7C100130AFB /* Base */ = {isa = PBXFileReference; lastKnownFileType = file.storyboard; name = Base; path = Base.lproj/Main.storyboard; sourceTree = "<group>"; };
		9EA71AB32398F7C900130AFB /* Base */ = {isa = PBXFileReference; lastKnownFileType = file.storyboard; name = Base; path = Base.lproj/LaunchScreen.storyboard; sourceTree = "<group>"; };
		9EA71AB52398F7C900130AFB /* Info.plist */ = {isa = PBXFileReference; lastKnownFileType = text.plist.xml; path = Info.plist; sourceTree = "<group>"; };
		9EA71AB92398F91700130AFB /* Assets.xcassets */ = {isa = PBXFileReference; lastKnownFileType = folder.assetcatalog; name = Assets.xcassets; path = Tsuikaban/Assets.xcassets; sourceTree = SOURCE_ROOT; };
		9EA71ABA2398F91700130AFB /* levels */ = {isa = PBXFileReference; lastKnownFileType = folder; path = levels; sourceTree = "<group>"; };
		9EA71ABD2398F96800130AFB /* GameViewController.swift */ = {isa = PBXFileReference; fileEncoding = 4; lastKnownFileType = sourcecode.swift; name = GameViewController.swift; path = Tsuikaban/GameViewController.swift; sourceTree = SOURCE_ROOT; };
		9EA71ABE2398F96800130AFB /* Board.swift */ = {isa = PBXFileReference; fileEncoding = 4; lastKnownFileType = sourcecode.swift; name = Board.swift; path = Tsuikaban/Board.swift; sourceTree = SOURCE_ROOT; };
		9EA71ABF2398F96800130AFB /* Level.swift */ = {isa = PBXFileReference; fileEncoding = 4; lastKnownFileType = sourcecode.swift; name = Level.swift; path = Tsuikaban/Level.swift; sourceTree = SOURCE_ROOT; };
		9EA71AC02398F96900130AFB /* LevelsViewController.swift */ = {isa = PBXFileReference; fileEncoding = 4; lastKnownFileType = sourcecode.swift; name = LevelsViewController.swift; path = Tsuikaban/LevelsViewController.swift; sourceTree = SOURCE_ROOT; };
		9EA71AC12398F96900130AFB /* GameScene.swift */ = {isa = PBXFileReference; fileEncoding = 4; lastKnownFileType = sourcecode.swift; name = GameScene.swift; path = Tsuikaban/GameScene.swift; sourceTree = SOURCE_ROOT; };
		9EA71AC22398F96900130AFB /* GameScene.sks */ = {isa = PBXFileReference; lastKnownFileType = file.sks; name = GameScene.sks; path = Tsuikaban/GameScene.sks; sourceTree = SOURCE_ROOT; };
/* End PBXFileReference section */

/* Begin PBXFrameworksBuildPhase section */
		9E1AB26E238DB15E008A2A0F /* Frameworks */ = {
			isa = PBXFrameworksBuildPhase;
			buildActionMask = 2147483647;
			files = (
			);
			runOnlyForDeploymentPostprocessing = 0;
		};
		9EA71A9E2398F7C000130AFB /* Frameworks */ = {
			isa = PBXFrameworksBuildPhase;
			buildActionMask = 2147483647;
			files = (
			);
			runOnlyForDeploymentPostprocessing = 0;
		};
/* End PBXFrameworksBuildPhase section */

/* Begin PBXGroup section */
		9E1AB268238DB15E008A2A0F = {
			isa = PBXGroup;
			children = (
				9E1AB273238DB15E008A2A0F /* Tsuikaban */,
				9EA71AA22398F7C000130AFB /* Tsuikaban-TV */,
				9E1AB272238DB15E008A2A0F /* Products */,
			);
			sourceTree = "<group>";
		};
		9E1AB272238DB15E008A2A0F /* Products */ = {
			isa = PBXGroup;
			children = (
				9E1AB271238DB15E008A2A0F /* Tsuikaban.app */,
				9EA71AA12398F7C000130AFB /* Tsuikaban-TV.app */,
			);
			name = Products;
			sourceTree = "<group>";
		};
		9E1AB273238DB15E008A2A0F /* Tsuikaban */ = {
			isa = PBXGroup;
			children = (
				9E1AB274238DB15E008A2A0F /* AppDelegate.swift */,
				9E1AB276238DB15E008A2A0F /* GameScene.sks */,
				9E1AB278238DB15E008A2A0F /* Actions.sks */,
				9E1AB27A238DB15E008A2A0F /* GameScene.swift */,
				9E1AB27C238DB15E008A2A0F /* GameViewController.swift */,
				9E1AB27E238DB15E008A2A0F /* Main.storyboard */,
				9E1AB281238DB163008A2A0F /* Assets.xcassets */,
				9E1AB283238DB163008A2A0F /* LaunchScreen.storyboard */,
				9E1AB286238DB163008A2A0F /* Info.plist */,
				9E1AB28C238DB1A1008A2A0F /* Board.swift */,
				9E1AB290238E5B84008A2A0F /* LevelsViewController.swift */,
				9E1AB292238E6E7D008A2A0F /* Level.swift */,
				9E1AB296238FBCBC008A2A0F /* levels */,
			);
			path = Tsuikaban;
			sourceTree = "<group>";
		};
		9EA71AA22398F7C000130AFB /* Tsuikaban-TV */ = {
			isa = PBXGroup;
			children = (
				9EA71ABE2398F96800130AFB /* Board.swift */,
				9EA71AC22398F96900130AFB /* GameScene.sks */,
				9EA71AC12398F96900130AFB /* GameScene.swift */,
				9EA71ABD2398F96800130AFB /* GameViewController.swift */,
				9EA71ABF2398F96800130AFB /* Level.swift */,
				9EA71AC02398F96900130AFB /* LevelsViewController.swift */,
				9EA71AB92398F91700130AFB /* Assets.xcassets */,
				9EA71ABA2398F91700130AFB /* levels */,
				9EA71AA32398F7C000130AFB /* AppDelegate.swift */,
				9EA71AAD2398F7C100130AFB /* Main.storyboard */,
				9EA71AB22398F7C900130AFB /* LaunchScreen.storyboard */,
				9EA71AB52398F7C900130AFB /* Info.plist */,
			);
			path = "Tsuikaban-TV";
			sourceTree = "<group>";
		};
/* End PBXGroup section */

/* Begin PBXNativeTarget section */
		9E1AB270238DB15E008A2A0F /* Tsuikaban */ = {
			isa = PBXNativeTarget;
			buildConfigurationList = 9E1AB289238DB163008A2A0F /* Build configuration list for PBXNativeTarget "Tsuikaban" */;
			buildPhases = (
				9E1AB26D238DB15E008A2A0F /* Sources */,
				9E1AB26E238DB15E008A2A0F /* Frameworks */,
				9E1AB26F238DB15E008A2A0F /* Resources */,
			);
			buildRules = (
			);
			dependencies = (
			);
			name = Tsuikaban;
			productName = Tsuikaban;
			productReference = 9E1AB271238DB15E008A2A0F /* Tsuikaban.app */;
			productType = "com.apple.product-type.application";
		};
		9EA71AA02398F7C000130AFB /* Tsuikaban-TV */ = {
			isa = PBXNativeTarget;
			buildConfigurationList = 9EA71AB82398F7C900130AFB /* Build configuration list for PBXNativeTarget "Tsuikaban-TV" */;
			buildPhases = (
				9EA71A9D2398F7C000130AFB /* Sources */,
				9EA71A9E2398F7C000130AFB /* Frameworks */,
				9EA71A9F2398F7C000130AFB /* Resources */,
			);
			buildRules = (
			);
			dependencies = (
			);
			name = "Tsuikaban-TV";
			productName = "Tsuikaban-TV";
			productReference = 9EA71AA12398F7C000130AFB /* Tsuikaban-TV.app */;
			productType = "com.apple.product-type.application";
		};
/* End PBXNativeTarget section */

/* Begin PBXProject section */
		9E1AB269238DB15E008A2A0F /* Project object */ = {
			isa = PBXProject;
			attributes = {
				LastSwiftUpdateCheck = 1120;
				LastUpgradeCheck = 1120;
				ORGANIZATIONNAME = "Eugenio Tampieri";
				TargetAttributes = {
					9E1AB270238DB15E008A2A0F = {
						CreatedOnToolsVersion = 11.2.1;
					};
					9EA71AA02398F7C000130AFB = {
						CreatedOnToolsVersion = 11.2.1;
					};
				};
			};
			buildConfigurationList = 9E1AB26C238DB15E008A2A0F /* Build configuration list for PBXProject "Tsuikaban" */;
			compatibilityVersion = "Xcode 9.3";
			developmentRegion = en;
			hasScannedForEncodings = 0;
			knownRegions = (
				en,
				Base,
			);
			mainGroup = 9E1AB268238DB15E008A2A0F;
			productRefGroup = 9E1AB272238DB15E008A2A0F /* Products */;
			projectDirPath = "";
			projectRoot = "";
			targets = (
				9E1AB270238DB15E008A2A0F /* Tsuikaban */,
				9EA71AA02398F7C000130AFB /* Tsuikaban-TV */,
			);
		};
/* End PBXProject section */

/* Begin PBXResourcesBuildPhase section */
		9E1AB26F238DB15E008A2A0F /* Resources */ = {
			isa = PBXResourcesBuildPhase;
			buildActionMask = 2147483647;
			files = (
				9E1AB280238DB15E008A2A0F /* Main.storyboard in Resources */,
				9E1AB277238DB15E008A2A0F /* GameScene.sks in Resources */,
				9E1AB282238DB163008A2A0F /* Assets.xcassets in Resources */,
				9E1AB285238DB163008A2A0F /* LaunchScreen.storyboard in Resources */,
				9E1AB279238DB15E008A2A0F /* Actions.sks in Resources */,
				9E1AB297238FBCBC008A2A0F /* levels in Resources */,
			);
			runOnlyForDeploymentPostprocessing = 0;
		};
		9EA71A9F2398F7C000130AFB /* Resources */ = {
			isa = PBXResourcesBuildPhase;
			buildActionMask = 2147483647;
			files = (
				9EA71AAF2398F7C100130AFB /* Main.storyboard in Resources */,
				9EA71AC82398F96900130AFB /* GameScene.sks in Resources */,
				9EA71ABC2398F91700130AFB /* levels in Resources */,
				9EA71ABB2398F91700130AFB /* Assets.xcassets in Resources */,
				9EA71AB42398F7C900130AFB /* LaunchScreen.storyboard in Resources */,
			);
			runOnlyForDeploymentPostprocessing = 0;
		};
/* End PBXResourcesBuildPhase section */

/* Begin PBXSourcesBuildPhase section */
		9E1AB26D238DB15E008A2A0F /* Sources */ = {
			isa = PBXSourcesBuildPhase;
			buildActionMask = 2147483647;
			files = (
				9E1AB293238E6E7D008A2A0F /* Level.swift in Sources */,
				9E1AB27B238DB15E008A2A0F /* GameScene.swift in Sources */,
				9E1AB27D238DB15E008A2A0F /* GameViewController.swift in Sources */,
				9E1AB275238DB15E008A2A0F /* AppDelegate.swift in Sources */,
				9E1AB28D238DB1A1008A2A0F /* Board.swift in Sources */,
				9E1AB291238E5B84008A2A0F /* LevelsViewController.swift in Sources */,
			);
			runOnlyForDeploymentPostprocessing = 0;
		};
		9EA71A9D2398F7C000130AFB /* Sources */ = {
			isa = PBXSourcesBuildPhase;
			buildActionMask = 2147483647;
			files = (
				9EA71AC72398F96900130AFB /* GameScene.swift in Sources */,
				9EA71AC32398F96900130AFB /* GameViewController.swift in Sources */,
				9EA71AC62398F96900130AFB /* LevelsViewController.swift in Sources */,
				9EA71AA42398F7C000130AFB /* AppDelegate.swift in Sources */,
				9EA71AC52398F96900130AFB /* Level.swift in Sources */,
				9EA71AC42398F96900130AFB /* Board.swift in Sources */,
			);
			runOnlyForDeploymentPostprocessing = 0;
		};
/* End PBXSourcesBuildPhase section */

/* Begin PBXVariantGroup section */
		9E1AB27E238DB15E008A2A0F /* Main.storyboard */ = {
			isa = PBXVariantGroup;
			children = (
				9E1AB27F238DB15E008A2A0F /* Base */,
			);
			name = Main.storyboard;
			sourceTree = "<group>";
		};
		9E1AB283238DB163008A2A0F /* LaunchScreen.storyboard */ = {
			isa = PBXVariantGroup;
			children = (
				9E1AB284238DB163008A2A0F /* Base */,
			);
			name = LaunchScreen.storyboard;
			sourceTree = "<group>";
		};
		9EA71AAD2398F7C100130AFB /* Main.storyboard */ = {
			isa = PBXVariantGroup;
			children = (
				9EA71AAE2398F7C100130AFB /* Base */,
			);
			name = Main.storyboard;
			sourceTree = "<group>";
		};
		9EA71AB22398F7C900130AFB /* LaunchScreen.storyboard */ = {
			isa = PBXVariantGroup;
			children = (
				9EA71AB32398F7C900130AFB /* Base */,
			);
			name = LaunchScreen.storyboard;
			sourceTree = "<group>";
		};
/* End PBXVariantGroup section */

/* Begin XCBuildConfiguration section */
		9E1AB287238DB163008A2A0F /* Debug */ = {
			isa = XCBuildConfiguration;
			buildSettings = {
				ALWAYS_SEARCH_USER_PATHS = NO;
				CLANG_ANALYZER_NONNULL = YES;
				CLANG_ANALYZER_NUMBER_OBJECT_CONVERSION = YES_AGGRESSIVE;
				CLANG_CXX_LANGUAGE_STANDARD = "gnu++14";
				CLANG_CXX_LIBRARY = "libc++";
				CLANG_ENABLE_MODULES = YES;
				CLANG_ENABLE_OBJC_ARC = YES;
				CLANG_ENABLE_OBJC_WEAK = YES;
				CLANG_WARN_BLOCK_CAPTURE_AUTORELEASING = YES;
				CLANG_WARN_BOOL_CONVERSION = YES;
				CLANG_WARN_COMMA = YES;
				CLANG_WARN_CONSTANT_CONVERSION = YES;
				CLANG_WARN_DEPRECATED_OBJC_IMPLEMENTATIONS = YES;
				CLANG_WARN_DIRECT_OBJC_ISA_USAGE = YES_ERROR;
				CLANG_WARN_DOCUMENTATION_COMMENTS = YES;
				CLANG_WARN_EMPTY_BODY = YES;
				CLANG_WARN_ENUM_CONVERSION = YES;
				CLANG_WARN_INFINITE_RECURSION = YES;
				CLANG_WARN_INT_CONVERSION = YES;
				CLANG_WARN_NON_LITERAL_NULL_CONVERSION = YES;
				CLANG_WARN_OBJC_IMPLICIT_RETAIN_SELF = YES;
				CLANG_WARN_OBJC_LITERAL_CONVERSION = YES;
				CLANG_WARN_OBJC_ROOT_CLASS = YES_ERROR;
				CLANG_WARN_RANGE_LOOP_ANALYSIS = YES;
				CLANG_WARN_STRICT_PROTOTYPES = YES;
				CLANG_WARN_SUSPICIOUS_MOVE = YES;
				CLANG_WARN_UNGUARDED_AVAILABILITY = YES_AGGRESSIVE;
				CLANG_WARN_UNREACHABLE_CODE = YES;
				CLANG_WARN__DUPLICATE_METHOD_MATCH = YES;
				COPY_PHASE_STRIP = NO;
				DEBUG_INFORMATION_FORMAT = dwarf;
				ENABLE_STRICT_OBJC_MSGSEND = YES;
				ENABLE_TESTABILITY = YES;
				GCC_C_LANGUAGE_STANDARD = gnu11;
				GCC_DYNAMIC_NO_PIC = NO;
				GCC_NO_COMMON_BLOCKS = YES;
				GCC_OPTIMIZATION_LEVEL = 0;
				GCC_PREPROCESSOR_DEFINITIONS = (
					"DEBUG=1",
					"$(inherited)",
				);
				GCC_WARN_64_TO_32_BIT_CONVERSION = YES;
				GCC_WARN_ABOUT_RETURN_TYPE = YES_ERROR;
				GCC_WARN_UNDECLARED_SELECTOR = YES;
				GCC_WARN_UNINITIALIZED_AUTOS = YES_AGGRESSIVE;
				GCC_WARN_UNUSED_FUNCTION = YES;
				GCC_WARN_UNUSED_VARIABLE = YES;
				IPHONEOS_DEPLOYMENT_TARGET = 13.2;
				MTL_ENABLE_DEBUG_INFO = INCLUDE_SOURCE;
				MTL_FAST_MATH = YES;
				ONLY_ACTIVE_ARCH = YES;
				SDKROOT = iphoneos;
				SWIFT_ACTIVE_COMPILATION_CONDITIONS = DEBUG;
				SWIFT_OPTIMIZATION_LEVEL = "-Onone";
			};
			name = Debug;
		};
		9E1AB288238DB163008A2A0F /* Release */ = {
			isa = XCBuildConfiguration;
			buildSettings = {
				ALWAYS_SEARCH_USER_PATHS = NO;
				CLANG_ANALYZER_NONNULL = YES;
				CLANG_ANALYZER_NUMBER_OBJECT_CONVERSION = YES_AGGRESSIVE;
				CLANG_CXX_LANGUAGE_STANDARD = "gnu++14";
				CLANG_CXX_LIBRARY = "libc++";
				CLANG_ENABLE_MODULES = YES;
				CLANG_ENABLE_OBJC_ARC = YES;
				CLANG_ENABLE_OBJC_WEAK = YES;
				CLANG_WARN_BLOCK_CAPTURE_AUTORELEASING = YES;
				CLANG_WARN_BOOL_CONVERSION = YES;
				CLANG_WARN_COMMA = YES;
				CLANG_WARN_CONSTANT_CONVERSION = YES;
				CLANG_WARN_DEPRECATED_OBJC_IMPLEMENTATIONS = YES;
				CLANG_WARN_DIRECT_OBJC_ISA_USAGE = YES_ERROR;
				CLANG_WARN_DOCUMENTATION_COMMENTS = YES;
				CLANG_WARN_EMPTY_BODY = YES;
				CLANG_WARN_ENUM_CONVERSION = YES;
				CLANG_WARN_INFINITE_RECURSION = YES;
				CLANG_WARN_INT_CONVERSION = YES;
				CLANG_WARN_NON_LITERAL_NULL_CONVERSION = YES;
				CLANG_WARN_OBJC_IMPLICIT_RETAIN_SELF = YES;
				CLANG_WARN_OBJC_LITERAL_CONVERSION = YES;
				CLANG_WARN_OBJC_ROOT_CLASS = YES_ERROR;
				CLANG_WARN_RANGE_LOOP_ANALYSIS = YES;
				CLANG_WARN_STRICT_PROTOTYPES = YES;
				CLANG_WARN_SUSPICIOUS_MOVE = YES;
				CLANG_WARN_UNGUARDED_AVAILABILITY = YES_AGGRESSIVE;
				CLANG_WARN_UNREACHABLE_CODE = YES;
				CLANG_WARN__DUPLICATE_METHOD_MATCH = YES;
				COPY_PHASE_STRIP = NO;
				DEBUG_INFORMATION_FORMAT = "dwarf-with-dsym";
				ENABLE_NS_ASSERTIONS = NO;
				ENABLE_STRICT_OBJC_MSGSEND = YES;
				GCC_C_LANGUAGE_STANDARD = gnu11;
				GCC_NO_COMMON_BLOCKS = YES;
				GCC_WARN_64_TO_32_BIT_CONVERSION = YES;
				GCC_WARN_ABOUT_RETURN_TYPE = YES_ERROR;
				GCC_WARN_UNDECLARED_SELECTOR = YES;
				GCC_WARN_UNINITIALIZED_AUTOS = YES_AGGRESSIVE;
				GCC_WARN_UNUSED_FUNCTION = YES;
				GCC_WARN_UNUSED_VARIABLE = YES;
				IPHONEOS_DEPLOYMENT_TARGET = 13.2;
				MTL_ENABLE_DEBUG_INFO = NO;
				MTL_FAST_MATH = YES;
				SDKROOT = iphoneos;
				SWIFT_COMPILATION_MODE = wholemodule;
				SWIFT_OPTIMIZATION_LEVEL = "-O";
				VALIDATE_PRODUCT = YES;
			};
			name = Release;
		};
		9E1AB28A238DB163008A2A0F /* Debug */ = {
			isa = XCBuildConfiguration;
			buildSettings = {
				ASSETCATALOG_COMPILER_APPICON_NAME = AppIcon;
				CODE_SIGN_STYLE = Automatic;
				DEVELOPMENT_TEAM = B6S4VJ8666;
				INFOPLIST_FILE = Tsuikaban/Info.plist;
				IPHONEOS_DEPLOYMENT_TARGET = 9.3;
				LD_RUNPATH_SEARCH_PATHS = (
					"$(inherited)",
					"@executable_path/Frameworks",
				);
				PRODUCT_BUNDLE_IDENTIFIER = eu.eutampieri.Tsuikaban;
				PRODUCT_NAME = "$(TARGET_NAME)";
				SWIFT_VERSION = 5.0;
				TARGETED_DEVICE_FAMILY = "1,2";
			};
			name = Debug;
		};
		9E1AB28B238DB163008A2A0F /* Release */ = {
			isa = XCBuildConfiguration;
			buildSettings = {
				ASSETCATALOG_COMPILER_APPICON_NAME = AppIcon;
				CODE_SIGN_STYLE = Automatic;
				DEVELOPMENT_TEAM = B6S4VJ8666;
				INFOPLIST_FILE = Tsuikaban/Info.plist;
				IPHONEOS_DEPLOYMENT_TARGET = 9.3;
				LD_RUNPATH_SEARCH_PATHS = (
					"$(inherited)",
					"@executable_path/Frameworks",
				);
				PRODUCT_BUNDLE_IDENTIFIER = eu.eutampieri.Tsuikaban;
				PRODUCT_NAME = "$(TARGET_NAME)";
				SWIFT_VERSION = 5.0;
				TARGETED_DEVICE_FAMILY = "1,2";
			};
			name = Release;
		};
		9EA71AB62398F7C900130AFB /* Debug */ = {
			isa = XCBuildConfiguration;
			buildSettings = {
				ASSETCATALOG_COMPILER_APPICON_NAME = "App Icon & Top Shelf Image";
				CODE_SIGN_STYLE = Automatic;
				DEVELOPMENT_TEAM = B6S4VJ8666;
				INFOPLIST_FILE = "Tsuikaban-TV/Info.plist";
				LD_RUNPATH_SEARCH_PATHS = (
					"$(inherited)",
					"@executable_path/Frameworks",
				);
				PRODUCT_BUNDLE_IDENTIFIER = "eu.eutampieri.Tsuikaban-TV";
				PRODUCT_NAME = "$(TARGET_NAME)";
				SDKROOT = appletvos;
				SWIFT_VERSION = 5.0;
				TARGETED_DEVICE_FAMILY = 3;
				TVOS_DEPLOYMENT_TARGET = 13.2;
			};
			name = Debug;
		};
		9EA71AB72398F7C900130AFB /* Release */ = {
			isa = XCBuildConfiguration;
			buildSettings = {
				ASSETCATALOG_COMPILER_APPICON_NAME = "App Icon & Top Shelf Image";
				CODE_SIGN_STYLE = Automatic;
				DEVELOPMENT_TEAM = B6S4VJ8666;
				INFOPLIST_FILE = "Tsuikaban-TV/Info.plist";
				LD_RUNPATH_SEARCH_PATHS = (
					"$(inherited)",
					"@executable_path/Frameworks",
				);
				PRODUCT_BUNDLE_IDENTIFIER = "eu.eutampieri.Tsuikaban-TV";
				PRODUCT_NAME = "$(TARGET_NAME)";
				SDKROOT = appletvos;
				SWIFT_VERSION = 5.0;
				TARGETED_DEVICE_FAMILY = 3;
				TVOS_DEPLOYMENT_TARGET = 13.2;
			};
			name = Release;
		};
/* End XCBuildConfiguration section */

/* Begin XCConfigurationList section */
		9E1AB26C238DB15E008A2A0F /* Build configuration list for PBXProject "Tsuikaban" */ = {
			isa = XCConfigurationList;
			buildConfigurations = (
				9E1AB287238DB163008A2A0F /* Debug */,
				9E1AB288238DB163008A2A0F /* Release */,
			);
			defaultConfigurationIsVisible = 0;
			defaultConfigurationName = Release;
		};
		9E1AB289238DB163008A2A0F /* Build configuration list for PBXNativeTarget "Tsuikaban" */ = {
			isa = XCConfigurationList;
			buildConfigurations = (
				9E1AB28A238DB163008A2A0F /* Debug */,
				9E1AB28B238DB163008A2A0F /* Release */,
			);
			defaultConfigurationIsVisible = 0;
			defaultConfigurationName = Release;
		};
		9EA71AB82398F7C900130AFB /* Build configuration list for PBXNativeTarget "Tsuikaban-TV" */ = {
			isa = XCConfigurationList;
			buildConfigurations = (
				9EA71AB62398F7C900130AFB /* Debug */,
				9EA71AB72398F7C900130AFB /* Release */,
			);
			defaultConfigurationIsVisible = 0;
			defaultConfigurationName = Release;
		};
/* End XCConfigurationList section */
	};
	rootObject = 9E1AB269238DB15E008A2A0F /* Project object */;
}
